
Microsoft Visual Studio Solution File, Format Version 12.00
# Visual Studio Version 17
VisualStudioVersion = 17.11.35208.52
MinimumVisualStudioVersion = 10.0.40219.1
Project("{FAE04EC0-301F-11D3-BF4B-00C04F79EFBC}") = "Hellow Word", "Hellow Word\Hellow Word.csproj", "{A17A3C87-028B-4891-B4E4-DCBA1A5558D2}"
EndProject
Global
	GlobalSection(SolutionConfigurationPlatforms) = preSolution
		Debug|Any CPU = Debug|Any CPU
		Release|Any CPU = Release|Any CPU
	EndGlobalSection
	GlobalSection(ProjectConfigurationPlatforms) = postSolution
		{A17A3C87-028B-4891-B4E4-DCBA1A5558D2}.Debug|Any CPU.ActiveCfg = Debug|Any CPU
		{A17A3C87-028B-4891-B4E4-DCBA1A5558D2}.Debug|Any CPU.Build.0 = Debug|Any CPU
		{A17A3C87-028B-4891-B4E4-DCBA1A5558D2}.Release|Any CPU.ActiveCfg = Release|Any CPU
		{A17A3C87-028B-4891-B4E4-DCBA1A5558D2}.Release|Any CPU.Build.0 = Release|Any CPU
	EndGlobalSection
	GlobalSection(SolutionProperties) = preSolution
		HideSolutionNode = FALSE
	EndGlobalSection
	GlobalSection(ExtensibilityGlobals) = postSolution
		SolutionGuid = {C34A4868-787E-4FEB-9B1C-3B69B622B3AE}
	EndGlobalSection
EndGlobal
