
Microsoft Visual Studio Solution File, Format Version 12.00
# Visual Studio Version 17
VisualStudioVersion = 17.11.35208.52
MinimumVisualStudioVersion = 10.0.40219.1
Project("{FAE04EC0-301F-11D3-BF4B-00C04F79EFBC}") = "Tutorial3-2", "Tutorial3-2\Tutorial3-2.csproj", "{09D1DFC4-22FD-47F2-80CD-74C996149321}"
EndProject
Global
	GlobalSection(SolutionConfigurationPlatforms) = preSolution
		Debug|Any CPU = Debug|Any CPU
		Release|Any CPU = Release|Any CPU
	EndGlobalSection
	GlobalSection(ProjectConfigurationPlatforms) = postSolution
		{09D1DFC4-22FD-47F2-80CD-74C996149321}.Debug|Any CPU.ActiveCfg = Debug|Any CPU
		{09D1DFC4-22FD-47F2-80CD-74C996149321}.Debug|Any CPU.Build.0 = Debug|Any CPU
		{09D1DFC4-22FD-47F2-80CD-74C996149321}.Release|Any CPU.ActiveCfg = Release|Any CPU
		{09D1DFC4-22FD-47F2-80CD-74C996149321}.Release|Any CPU.Build.0 = Release|Any CPU
	EndGlobalSection
	GlobalSection(SolutionProperties) = preSolution
		HideSolutionNode = FALSE
	EndGlobalSection
	GlobalSection(ExtensibilityGlobals) = postSolution
		SolutionGuid = {3B3B32CA-B1FC-4057-A210-E17C8A5C6810}
	EndGlobalSection
EndGlobal
