
Microsoft Visual Studio Solution File, Format Version 12.00
# Visual Studio Version 17
VisualStudioVersion = 17.11.35208.52
MinimumVisualStudioVersion = 10.0.40219.1
Project("{FAE04EC0-301F-11D3-BF4B-00C04F79EFBC}") = "WinFormsApp1", "WinFormsApp1\WinFormsApp1.csproj", "{C14C474E-E680-41FB-A8A5-26567A5AF872}"
EndProject
Global
	GlobalSection(SolutionConfigurationPlatforms) = preSolution
		Debug|Any CPU = Debug|Any CPU
		Release|Any CPU = Release|Any CPU
	EndGlobalSection
	GlobalSection(ProjectConfigurationPlatforms) = postSolution
		{C14C474E-E680-41FB-A8A5-26567A5AF872}.Debug|Any CPU.ActiveCfg = Debug|Any CPU
		{C14C474E-E680-41FB-A8A5-26567A5AF872}.Debug|Any CPU.Build.0 = Debug|Any CPU
		{C14C474E-E680-41FB-A8A5-26567A5AF872}.Release|Any CPU.ActiveCfg = Release|Any CPU
		{C14C474E-E680-41FB-A8A5-26567A5AF872}.Release|Any CPU.Build.0 = Release|Any CPU
	EndGlobalSection
	GlobalSection(SolutionProperties) = preSolution
		HideSolutionNode = FALSE
	EndGlobalSection
	GlobalSection(ExtensibilityGlobals) = postSolution
		SolutionGuid = {D6F25DDE-D980-4384-AAC4-73417C2CA9FE}
	EndGlobalSection
EndGlobal
